
Microsoft Visual Studio Solution File, Format Version 12.00
# Visual Studio 2013
VisualStudioVersion = 12.0.0.0
Project("{FAE04EC0-301F-11D3-BF4B-00C04F79EFBC}") = "WebApplication", "WebApplication\WebApplication.csproj", "{D09BF580-C38A-4E6D-978F-488BAFBFEE0A}"
EndProject
Project("{FAE04EC0-301F-11D3-BF4B-00C04F79EFBC}") = "Mapper Api", "Mapper Api\Mapper Api.csproj", "{7D40956A-6F1B-4066-8BBC-358B62154F76}"
EndProject
Project("{FAE04EC0-301F-11D3-BF4B-00C04F79EFBC}") = "Tests", "Tests\Tests.csproj", "{09699139-7885-44A6-AF77-27902ADDC9ED}"
EndProject
Global
	GlobalSection(SolutionConfigurationPlatforms) = preSolution
		Debug|Any CPU = Debug|Any CPU
		Release|Any CPU = Release|Any CPU
	EndGlobalSection
	GlobalSection(ProjectConfigurationPlatforms) = postSolution
		{D09BF580-C38A-4E6D-978F-488BAFBFEE0A}.Debug|Any CPU.ActiveCfg = Debug|Any CPU
		{D09BF580-C38A-4E6D-978F-488BAFBFEE0A}.Debug|Any CPU.Build.0 = Debug|Any CPU
		{D09BF580-C38A-4E6D-978F-488BAFBFEE0A}.Release|Any CPU.ActiveCfg = Release|Any CPU
		{D09BF580-C38A-4E6D-978F-488BAFBFEE0A}.Release|Any CPU.Build.0 = Release|Any CPU
		{7D40956A-6F1B-4066-8BBC-358B62154F76}.Debug|Any CPU.ActiveCfg = Debug|Any CPU
		{7D40956A-6F1B-4066-8BBC-358B62154F76}.Debug|Any CPU.Build.0 = Debug|Any CPU
		{7D40956A-6F1B-4066-8BBC-358B62154F76}.Release|Any CPU.ActiveCfg = Release|Any CPU
		{7D40956A-6F1B-4066-8BBC-358B62154F76}.Release|Any CPU.Build.0 = Release|Any CPU
		{09699139-7885-44A6-AF77-27902ADDC9ED}.Debug|Any CPU.ActiveCfg = Debug|Any CPU
		{09699139-7885-44A6-AF77-27902ADDC9ED}.Debug|Any CPU.Build.0 = Debug|Any CPU
		{09699139-7885-44A6-AF77-27902ADDC9ED}.Release|Any CPU.ActiveCfg = Release|Any CPU
		{09699139-7885-44A6-AF77-27902ADDC9ED}.Release|Any CPU.Build.0 = Release|Any CPU
	EndGlobalSection
EndGlobal
